
Microsoft Visual Studio Solution File, Format Version 12.00
# Visual Studio 15
VisualStudioVersion = 15.0.27703.2042
MinimumVisualStudioVersion = 10.0.40219.1
Project("{FAE04EC0-301F-11D3-BF4B-00C04F79EFBC}") = "SchoolProgram", "SchoolProgram\SchoolProgram.csproj", "{54BABE39-578F-4DD8-BD2A-3D3DC3B3C683}"
EndProject
Global
	GlobalSection(SolutionConfigurationPlatforms) = preSolution
		Debug|Any CPU = Debug|Any CPU
		Release|Any CPU = Release|Any CPU
	EndGlobalSection
	GlobalSection(ProjectConfigurationPlatforms) = postSolution
		{54BABE39-578F-4DD8-BD2A-3D3DC3B3C683}.Debug|Any CPU.ActiveCfg = Debug|Any CPU
		{54BABE39-578F-4DD8-BD2A-3D3DC3B3C683}.Debug|Any CPU.Build.0 = Debug|Any CPU
		{54BABE39-578F-4DD8-BD2A-3D3DC3B3C683}.Release|Any CPU.ActiveCfg = Release|Any CPU
		{54BABE39-578F-4DD8-BD2A-3D3DC3B3C683}.Release|Any CPU.Build.0 = Release|Any CPU
	EndGlobalSection
	GlobalSection(SolutionProperties) = preSolution
		HideSolutionNode = FALSE
	EndGlobalSection
	GlobalSection(ExtensibilityGlobals) = postSolution
		SolutionGuid = {388FB2D4-1FFB-441F-9A26-8D850D555D02}
	EndGlobalSection
EndGlobal
